{
  "name": "first-git-repo",
  "version": "1.0.0",
  "lockfileVersion": 1,
  "requires": true,
  "dependencies": {
    "find-min": {
      "version": "1.1.2",
      "resolved": "https://registry.npmjs.org/find-min/-/find-min-1.1.2.tgz",
      "integrity": "sha512-mH3l1hlVAozoDwIfPU+j9N8NQ3l9C63+NuahJ50YNdzv3hXRjSXfRbWEA9wq3YiV56CN301ds/Sbxs7xuLJoSQ=="
    }
  }
}
